# Generated by pub
# See http://pub.dartlang.org/doc/glossary.html#lockfile
packages:
  browser:
    description: browser
    source: hosted
    version: "0.10.0+2"
  json:
    description: json
    source: hosted
    version: "0.10.0"
  mime_type:
    description: mime_type
    source: hosted
    version: "0.1.7"
  path:
    description: path
    source: hosted
    version: "1.3.4"
  webui:
    description:
      path: ".."
      relative: true
    source: path
    version: "0.0.0"
