# Generated by pub
# See http://pub.dartlang.org/doc/glossary.html#lockfile
packages:
  browser:
    description:
      name: browser
      url: "https://pub.dartlang.org"
    source: hosted
    version: "0.10.0+2"
  dquery:
    description:
      name: dquery
      url: "https://pub.dartlang.org"
    source: hosted
    version: "0.8.5"
  intl:
    description:
      name: intl
      url: "https://pub.dartlang.org"
    source: hosted
    version: "0.14.0"
  logging:
    description:
      name: logging
      url: "https://pub.dartlang.org"
    source: hosted
    version: "0.11.3+1"
  webui:
    description:
      path: ".."
      relative: true
    source: path
    version: "3.6.0"
sdks:
  dart: ">=1.12.0 <2.0.0"
